# @generated by Move, please check-in and do not edit manually.

[move]
version = 3
manifest_digest = "EE2D170624626E56CA008344B2BA2C2330DBB095B68AD12DD42587DE19D7930C"
deps_digest = "F8BBB0CCB2491CA29A3DF03D6F92277A4F3574266507ACD77214D37ECA3F3082"
dependencies = [
  { id = "Sui", name = "Sui" },
]

[[move.package]]
id = "MoveStdlib"
source = { git = "https://github.com/MystenLabs/sui.git", rev = "framework/testnet", subdir = "crates\\sui-framework\\packages\\move-stdlib" }

[[move.package]]
id = "Sui"
source = { git = "https://github.com/MystenLabs/sui.git", rev = "framework/testnet", subdir = "crates/sui-framework/packages/sui-framework" }

dependencies = [
  { id = "MoveStdlib", name = "MoveStdlib" },
]

[move.toolchain-version]
compiler-version = "1.61.2"
edition = "2024.beta"
flavor = "sui"

[env]

[env.testnet]
chain-id = "4c78adac"
original-published-id = "0xc506ab88e436640b27afdc5d4f70feaae7dfd8c58c6b00b587be44f342558089"
latest-published-id = "0xc506ab88e436640b27afdc5d4f70feaae7dfd8c58c6b00b587be44f342558089"
published-version = "1"
