# @generated by Move, please check-in and do not edit manually.

[move]
version = 3
manifest_digest = "EE2D170624626E56CA008344B2BA2C2330DBB095B68AD12DD42587DE19D7930C"
deps_digest = "F8BBB0CCB2491CA29A3DF03D6F92277A4F3574266507ACD77214D37ECA3F3082"
dependencies = [
  { id = "Sui", name = "Sui" },
]

[[move.package]]
id = "MoveStdlib"
source = { git = "https://github.com/MystenLabs/sui.git", rev = "framework/testnet", subdir = "crates\\sui-framework\\packages\\move-stdlib" }

[[move.package]]
id = "Sui"
source = { git = "https://github.com/MystenLabs/sui.git", rev = "framework/testnet", subdir = "crates/sui-framework/packages/sui-framework" }

dependencies = [
  { id = "MoveStdlib", name = "MoveStdlib" },
]

[move.toolchain-version]
compiler-version = "1.61.2"
edition = "2024.beta"
flavor = "sui"

[env]

[env.testnet]
chain-id = "4c78adac"
original-published-id = "0x374b4c8fec99c1f2dd38983fd1624c21d1984ec9258648aab9a5adaaafd70afa"
latest-published-id = "0x374b4c8fec99c1f2dd38983fd1624c21d1984ec9258648aab9a5adaaafd70afa"
published-version = "1"
